// !$*UTF8*$!
{
	archiveVersion = 1;
	classes = {
	};
	objectVersion = 77;
	objects = {

/* Begin PBXContainerItemProxy section */
		DCAD30432CFE10CC003F471B /* PBXContainerItemProxy */ = {
			isa = PBXContainerItemProxy;
			containerPortal = DCAD302A2CFE10CA003F471B /* Project object */;
			proxyType = 1;
			remoteGlobalIDString = DCAD30312CFE10CA003F471B;
			remoteInfo = PostureMaxApp;
		};
		DCAD304D2CFE10CC003F471B /* PBXContainerItemProxy */ = {
			isa = PBXContainerItemProxy;
			containerPortal = DCAD302A2CFE10CA003F471B /* Project object */;
			proxyType = 1;
			remoteGlobalIDString = DCAD30312CFE10CA003F471B;
			remoteInfo = PostureMaxApp;
		};
/* End PBXContainerItemProxy section */

/* Begin PBXFileReference section */
		DCAD30322CFE10CA003F471B /* PostureMaxApp.app */ = {isa = PBXFileReference; explicitFileType = wrapper.application; includeInIndex = 0; path = PostureMaxApp.app; sourceTree = BUILT_PRODUCTS_DIR; };
		DCAD30422CFE10CC003F471B /* PostureMaxAppTests.xctest */ = {isa = PBXFileReference; explicitFileType = wrapper.cfbundle; includeInIndex = 0; path = PostureMaxAppTests.xctest; sourceTree = BUILT_PRODUCTS_DIR; };
		DCAD304C2CFE10CC003F471B /* PostureMaxAppUITests.xctest */ = {isa = PBXFileReference; explicitFileType = wrapper.cfbundle; includeInIndex = 0; path = PostureMaxAppUITests.xctest; sourceTree = BUILT_PRODUCTS_DIR; };
/* End PBXFileReference section */

/* Begin PBXFileSystemSynchronizedRootGroup section */
		DCAD30342CFE10CA003F471B /* PostureMaxApp */ = {
			isa = PBXFileSystemSynchronizedRootGroup;
			path = PostureMaxApp;
			sourceTree = "<group>";
		};
		DCAD30452CFE10CC003F471B /* PostureMaxAppTests */ = {
			isa = PBXFileSystemSynchronizedRootGroup;
			path = PostureMaxAppTests;
			sourceTree = "<group>";
		};
		DCAD304F2CFE10CC003F471B /* PostureMaxAppUITests */ = {
			isa = PBXFileSystemSynchronizedRootGroup;
			path = PostureMaxAppUITests;
			sourceTree = "<group>";
		};
/* End PBXFileSystemSynchronizedRootGroup section */

/* Begin PBXFrameworksBuildPhase section */
		DCAD302F2CFE10CA003F471B /* Frameworks */ = {
			isa = PBXFrameworksBuildPhase;
			buildActionMask = 2147483647;
			files = (
			);
			runOnlyForDeploymentPostprocessing = 0;
		};
		DCAD303F2CFE10CC003F471B /* Frameworks */ = {
			isa = PBXFrameworksBuildPhase;
			buildActionMask = 2147483647;
			files = (
			);
			runOnlyForDeploymentPostprocessing = 0;
		};
		DCAD30492CFE10CC003F471B /* Frameworks */ = {
			isa = PBXFrameworksBuildPhase;
			buildActionMask = 2147483647;
			files = (
			);
			runOnlyForDeploymentPostprocessing = 0;
		};
/* End PBXFrameworksBuildPhase section */

/* Begin PBXGroup section */
		DCAD30292CFE10CA003F471B = {
			isa = PBXGroup;
			children = (
				DCAD30342CFE10CA003F471B /* PostureMaxApp */,
				DCAD30452CFE10CC003F471B /* PostureMaxAppTests */,
				DCAD304F2CFE10CC003F471B /* PostureMaxAppUITests */,
				DCAD30332CFE10CA003F471B /* Products */,
			);
			sourceTree = "<group>";
		};
		DCAD30332CFE10CA003F471B /* Products */ = {
			isa = PBXGroup;
			children = (
				DCAD30322CFE10CA003F471B /* PostureMaxApp.app */,
				DCAD30422CFE10CC003F471B /* PostureMaxAppTests.xctest */,
				DCAD304C2CFE10CC003F471B /* PostureMaxAppUITests.xctest */,
			);
			name = Products;
			sourceTree = "<group>";
		};
/* End PBXGroup section */

/* Begin PBXNativeTarget section */
		DCAD30312CFE10CA003F471B /* PostureMaxApp */ = {
			isa = PBXNativeTarget;
			buildConfigurationList = DCAD30562CFE10CC003F471B /* Build configuration list for PBXNativeTarget "PostureMaxApp" */;
			buildPhases = (
				DCAD302E2CFE10CA003F471B /* Sources */,
				DCAD302F2CFE10CA003F471B /* Frameworks */,
				DCAD30302CFE10CA003F471B /* Resources */,
			);
			buildRules = (
			);
			dependencies = (
			);
			fileSystemSynchronizedGroups = (
				DCAD30342CFE10CA003F471B /* PostureMaxApp */,
			);
			name = PostureMaxApp;
			packageProductDependencies = (
			);
			productName = PostureMaxApp;
			productReference = DCAD30322CFE10CA003F471B /* PostureMaxApp.app */;
			productType = "com.apple.product-type.application";
		};
		DCAD30412CFE10CC003F471B /* PostureMaxAppTests */ = {
			isa = PBXNativeTarget;
			buildConfigurationList = DCAD30592CFE10CC003F471B /* Build configuration list for PBXNativeTarget "PostureMaxAppTests" */;
			buildPhases = (
				DCAD303E2CFE10CC003F471B /* Sources */,
				DCAD303F2CFE10CC003F471B /* Frameworks */,
				DCAD30402CFE10CC003F471B /* Resources */,
			);
			buildRules = (
			);
			dependencies = (
				DCAD30442CFE10CC003F471B /* PBXTargetDependency */,
			);
			fileSystemSynchronizedGroups = (
				DCAD30452CFE10CC003F471B /* PostureMaxAppTests */,
			);
			name = PostureMaxAppTests;
			packageProductDependencies = (
			);
			productName = PostureMaxAppTests;
			productReference = DCAD30422CFE10CC003F471B /* PostureMaxAppTests.xctest */;
			productType = "com.apple.product-type.bundle.unit-test";
		};
		DCAD304B2CFE10CC003F471B /* PostureMaxAppUITests */ = {
			isa = PBXNativeTarget;
			buildConfigurationList = DCAD305C2CFE10CC003F471B /* Build configuration list for PBXNativeTarget "PostureMaxAppUITests" */;
			buildPhases = (
				DCAD30482CFE10CC003F471B /* Sources */,
				DCAD30492CFE10CC003F471B /* Frameworks */,
				DCAD304A2CFE10CC003F471B /* Resources */,
			);
			buildRules = (
			);
			dependencies = (
				DCAD304E2CFE10CC003F471B /* PBXTargetDependency */,
			);
			fileSystemSynchronizedGroups = (
				DCAD304F2CFE10CC003F471B /* PostureMaxAppUITests */,
			);
			name = PostureMaxAppUITests;
			packageProductDependencies = (
			);
			productName = PostureMaxAppUITests;
			productReference = DCAD304C2CFE10CC003F471B /* PostureMaxAppUITests.xctest */;
			productType = "com.apple.product-type.bundle.ui-testing";
		};
/* End PBXNativeTarget section */

/* Begin PBXProject section */
		DCAD302A2CFE10CA003F471B /* Project object */ = {
			isa = PBXProject;
			attributes = {
				BuildIndependentTargetsInParallel = 1;
				LastSwiftUpdateCheck = 1610;
				LastUpgradeCheck = 1610;
				TargetAttributes = {
					DCAD30312CFE10CA003F471B = {
						CreatedOnToolsVersion = 16.1;
					};
					DCAD30412CFE10CC003F471B = {
						CreatedOnToolsVersion = 16.1;
						TestTargetID = DCAD30312CFE10CA003F471B;
					};
					DCAD304B2CFE10CC003F471B = {
						CreatedOnToolsVersion = 16.1;
						TestTargetID = DCAD30312CFE10CA003F471B;
					};
				};
			};
			buildConfigurationList = DCAD302D2CFE10CA003F471B /* Build configuration list for PBXProject "PostureMaxApp" */;
			developmentRegion = en;
			hasScannedForEncodings = 0;
			knownRegions = (
				en,
				Base,
			);
			mainGroup = DCAD30292CFE10CA003F471B;
			minimizedProjectReferenceProxies = 1;
			preferredProjectObjectVersion = 77;
			productRefGroup = DCAD30332CFE10CA003F471B /* Products */;
			projectDirPath = "";
			projectRoot = "";
			targets = (
				DCAD30312CFE10CA003F471B /* PostureMaxApp */,
				DCAD30412CFE10CC003F471B /* PostureMaxAppTests */,
				DCAD304B2CFE10CC003F471B /* PostureMaxAppUITests */,
			);
		};
/* End PBXProject section */

/* Begin PBXResourcesBuildPhase section */
		DCAD30302CFE10CA003F471B /* Resources */ = {
			isa = PBXResourcesBuildPhase;
			buildActionMask = 2147483647;
			files = (
			);
			runOnlyForDeploymentPostprocessing = 0;
		};
		DCAD30402CFE10CC003F471B /* Resources */ = {
			isa = PBXResourcesBuildPhase;
			buildActionMask = 2147483647;
			files = (
			);
			runOnlyForDeploymentPostprocessing = 0;
		};
		DCAD304A2CFE10CC003F471B /* Resources */ = {
			isa = PBXResourcesBuildPhase;
			buildActionMask = 2147483647;
			files = (
			);
			runOnlyForDeploymentPostprocessing = 0;
		};
/* End PBXResourcesBuildPhase section */

/* Begin PBXSourcesBuildPhase section */
		DCAD302E2CFE10CA003F471B /* Sources */ = {
			isa = PBXSourcesBuildPhase;
			buildActionMask = 2147483647;
			files = (
			);
			runOnlyForDeploymentPostprocessing = 0;
		};
		DCAD303E2CFE10CC003F471B /* Sources */ = {
			isa = PBXSourcesBuildPhase;
			buildActionMask = 2147483647;
			files = (
			);
			runOnlyForDeploymentPostprocessing = 0;
		};
		DCAD30482CFE10CC003F471B /* Sources */ = {
			isa = PBXSourcesBuildPhase;
			buildActionMask = 2147483647;
			files = (
			);
			runOnlyForDeploymentPostprocessing = 0;
		};
/* End PBXSourcesBuildPhase section */

/* Begin PBXTargetDependency section */
		DCAD30442CFE10CC003F471B /* PBXTargetDependency */ = {
			isa = PBXTargetDependency;
			target = DCAD30312CFE10CA003F471B /* PostureMaxApp */;
			targetProxy = DCAD30432CFE10CC003F471B /* PBXContainerItemProxy */;
		};
		DCAD304E2CFE10CC003F471B /* PBXTargetDependency */ = {
			isa = PBXTargetDependency;
			target = DCAD30312CFE10CA003F471B /* PostureMaxApp */;
			targetProxy = DCAD304D2CFE10CC003F471B /* PBXContainerItemProxy */;
		};
/* End PBXTargetDependency section */

/* Begin XCBuildConfiguration section */
		DCAD30542CFE10CC003F471B /* Debug */ = {
			isa = XCBuildConfiguration;
			buildSettings = {
				ALWAYS_SEARCH_USER_PATHS = NO;
				ASSETCATALOG_COMPILER_GENERATE_SWIFT_ASSET_SYMBOL_EXTENSIONS = YES;
				CLANG_ANALYZER_NONNULL = YES;
				CLANG_ANALYZER_NUMBER_OBJECT_CONVERSION = YES_AGGRESSIVE;
				CLANG_CXX_LANGUAGE_STANDARD = "gnu++20";
				CLANG_ENABLE_MODULES = YES;
				CLANG_ENABLE_OBJC_ARC = YES;
				CLANG_ENABLE_OBJC_WEAK = YES;
				CLANG_WARN_BLOCK_CAPTURE_AUTORELEASING = YES;
				CLANG_WARN_BOOL_CONVERSION = YES;
				CLANG_WARN_COMMA = YES;
				CLANG_WARN_CONSTANT_CONVERSION = YES;
				CLANG_WARN_DEPRECATED_OBJC_IMPLEMENTATIONS = YES;
				CLANG_WARN_DIRECT_OBJC_ISA_USAGE = YES_ERROR;
				CLANG_WARN_DOCUMENTATION_COMMENTS = YES;
				CLANG_WARN_EMPTY_BODY = YES;
				CLANG_WARN_ENUM_CONVERSION = YES;
				CLANG_WARN_INFINITE_RECURSION = YES;
				CLANG_WARN_INT_CONVERSION = YES;
				CLANG_WARN_NON_LITERAL_NULL_CONVERSION = YES;
				CLANG_WARN_OBJC_IMPLICIT_RETAIN_SELF = YES;
				CLANG_WARN_OBJC_LITERAL_CONVERSION = YES;
				CLANG_WARN_OBJC_ROOT_CLASS = YES_ERROR;
				CLANG_WARN_QUOTED_INCLUDE_IN_FRAMEWORK_HEADER = YES;
				CLANG_WARN_RANGE_LOOP_ANALYSIS = YES;
				CLANG_WARN_STRICT_PROTOTYPES = YES;
				CLANG_WARN_SUSPICIOUS_MOVE = YES;
				CLANG_WARN_UNGUARDED_AVAILABILITY = YES_AGGRESSIVE;
				CLANG_WARN_UNREACHABLE_CODE = YES;
				CLANG_WARN__DUPLICATE_METHOD_MATCH = YES;
				COPY_PHASE_STRIP = NO;
				DEBUG_INFORMATION_FORMAT = dwarf;
				ENABLE_STRICT_OBJC_MSGSEND = YES;
				ENABLE_TESTABILITY = YES;
				ENABLE_USER_SCRIPT_SANDBOXING = YES;
				GCC_C_LANGUAGE_STANDARD = gnu17;
				GCC_DYNAMIC_NO_PIC = NO;
				GCC_NO_COMMON_BLOCKS = YES;
				GCC_OPTIMIZATION_LEVEL = 0;
				GCC_PREPROCESSOR_DEFINITIONS = (
					"DEBUG=1",
					"$(inherited)",
				);
				GCC_WARN_64_TO_32_BIT_CONVERSION = YES;
				GCC_WARN_ABOUT_RETURN_TYPE = YES_ERROR;
				GCC_WARN_UNDECLARED_SELECTOR = YES;
				GCC_WARN_UNINITIALIZED_AUTOS = YES_AGGRESSIVE;
				GCC_WARN_UNUSED_FUNCTION = YES;
				GCC_WARN_UNUSED_VARIABLE = YES;
				IPHONEOS_DEPLOYMENT_TARGET = 18.1;
				LOCALIZATION_PREFERS_STRING_CATALOGS = YES;
				MTL_ENABLE_DEBUG_INFO = INCLUDE_SOURCE;
				MTL_FAST_MATH = YES;
				ONLY_ACTIVE_ARCH = YES;
				SDKROOT = iphoneos;
				SWIFT_ACTIVE_COMPILATION_CONDITIONS = "DEBUG $(inherited)";
				SWIFT_OPTIMIZATION_LEVEL = "-Onone";
			};
			name = Debug;
		};
		DCAD30552CFE10CC003F471B /* Release */ = {
			isa = XCBuildConfiguration;
			buildSettings = {
				ALWAYS_SEARCH_USER_PATHS = NO;
				ASSETCATALOG_COMPILER_GENERATE_SWIFT_ASSET_SYMBOL_EXTENSIONS = YES;
				CLANG_ANALYZER_NONNULL = YES;
				CLANG_ANALYZER_NUMBER_OBJECT_CONVERSION = YES_AGGRESSIVE;
				CLANG_CXX_LANGUAGE_STANDARD = "gnu++20";
				CLANG_ENABLE_MODULES = YES;
				CLANG_ENABLE_OBJC_ARC = YES;
				CLANG_ENABLE_OBJC_WEAK = YES;
				CLANG_WARN_BLOCK_CAPTURE_AUTORELEASING = YES;
				CLANG_WARN_BOOL_CONVERSION = YES;
				CLANG_WARN_COMMA = YES;
				CLANG_WARN_CONSTANT_CONVERSION = YES;
				CLANG_WARN_DEPRECATED_OBJC_IMPLEMENTATIONS = YES;
				CLANG_WARN_DIRECT_OBJC_ISA_USAGE = YES_ERROR;
				CLANG_WARN_DOCUMENTATION_COMMENTS = YES;
				CLANG_WARN_EMPTY_BODY = YES;
				CLANG_WARN_ENUM_CONVERSION = YES;
				CLANG_WARN_INFINITE_RECURSION = YES;
				CLANG_WARN_INT_CONVERSION = YES;
				CLANG_WARN_NON_LITERAL_NULL_CONVERSION = YES;
				CLANG_WARN_OBJC_IMPLICIT_RETAIN_SELF = YES;
				CLANG_WARN_OBJC_LITERAL_CONVERSION = YES;
				CLANG_WARN_OBJC_ROOT_CLASS = YES_ERROR;
				CLANG_WARN_QUOTED_INCLUDE_IN_FRAMEWORK_HEADER = YES;
				CLANG_WARN_RANGE_LOOP_ANALYSIS = YES;
				CLANG_WARN_STRICT_PROTOTYPES = YES;
				CLANG_WARN_SUSPICIOUS_MOVE = YES;
				CLANG_WARN_UNGUARDED_AVAILABILITY = YES_AGGRESSIVE;
				CLANG_WARN_UNREACHABLE_CODE = YES;
				CLANG_WARN__DUPLICATE_METHOD_MATCH = YES;
				COPY_PHASE_STRIP = NO;
				DEBUG_INFORMATION_FORMAT = "dwarf-with-dsym";
				ENABLE_NS_ASSERTIONS = NO;
				ENABLE_STRICT_OBJC_MSGSEND = YES;
				ENABLE_USER_SCRIPT_SANDBOXING = YES;
				GCC_C_LANGUAGE_STANDARD = gnu17;
				GCC_NO_COMMON_BLOCKS = YES;
				GCC_WARN_64_TO_32_BIT_CONVERSION = YES;
				GCC_WARN_ABOUT_RETURN_TYPE = YES_ERROR;
				GCC_WARN_UNDECLARED_SELECTOR = YES;
				GCC_WARN_UNINITIALIZED_AUTOS = YES_AGGRESSIVE;
				GCC_WARN_UNUSED_FUNCTION = YES;
				GCC_WARN_UNUSED_VARIABLE = YES;
				IPHONEOS_DEPLOYMENT_TARGET = 18.1;
				LOCALIZATION_PREFERS_STRING_CATALOGS = YES;
				MTL_ENABLE_DEBUG_INFO = NO;
				MTL_FAST_MATH = YES;
				SDKROOT = iphoneos;
				SWIFT_COMPILATION_MODE = wholemodule;
				VALIDATE_PRODUCT = YES;
			};
			name = Release;
		};
		DCAD30572CFE10CC003F471B /* Debug */ = {
			isa = XCBuildConfiguration;
			buildSettings = {
				ASSETCATALOG_COMPILER_APPICON_NAME = AppIcon;
				ASSETCATALOG_COMPILER_GLOBAL_ACCENT_COLOR_NAME = AccentColor;
				CODE_SIGN_STYLE = Automatic;
				CURRENT_PROJECT_VERSION = 1;
				DEVELOPMENT_ASSET_PATHS = "\"PostureMaxApp/Preview Content\"";
				ENABLE_PREVIEWS = YES;
				GENERATE_INFOPLIST_FILE = YES;
				INFOPLIST_KEY_UIApplicationSceneManifest_Generation = YES;
				INFOPLIST_KEY_UIApplicationSupportsIndirectInputEvents = YES;
				INFOPLIST_KEY_UILaunchScreen_Generation = YES;
				INFOPLIST_KEY_UISupportedInterfaceOrientations_iPad = "UIInterfaceOrientationPortrait UIInterfaceOrientationPortraitUpsideDown UIInterfaceOrientationLandscapeLeft UIInterfaceOrientationLandscapeRight";
				INFOPLIST_KEY_UISupportedInterfaceOrientations_iPhone = "UIInterfaceOrientationPortrait UIInterfaceOrientationLandscapeLeft UIInterfaceOrientationLandscapeRight";
				LD_RUNPATH_SEARCH_PATHS = (
					"$(inherited)",
					"@executable_path/Frameworks",
				);
				MARKETING_VERSION = 1.0;
				PRODUCT_BUNDLE_IDENTIFIER = mauroapps.PostureMaxApp;
				PRODUCT_NAME = "$(TARGET_NAME)";
				SWIFT_EMIT_LOC_STRINGS = YES;
				SWIFT_VERSION = 5.0;
				TARGETED_DEVICE_FAMILY = "1,2";
			};
			name = Debug;
		};
		DCAD30582CFE10CC003F471B /* Release */ = {
			isa = XCBuildConfiguration;
			buildSettings = {
				ASSETCATALOG_COMPILER_APPICON_NAME = AppIcon;
				ASSETCATALOG_COMPILER_GLOBAL_ACCENT_COLOR_NAME = AccentColor;
				CODE_SIGN_STYLE = Automatic;
				CURRENT_PROJECT_VERSION = 1;
				DEVELOPMENT_ASSET_PATHS = "\"PostureMaxApp/Preview Content\"";
				ENABLE_PREVIEWS = YES;
				GENERATE_INFOPLIST_FILE = YES;
				INFOPLIST_KEY_UIApplicationSceneManifest_Generation = YES;
				INFOPLIST_KEY_UIApplicationSupportsIndirectInputEvents = YES;
				INFOPLIST_KEY_UILaunchScreen_Generation = YES;
				INFOPLIST_KEY_UISupportedInterfaceOrientations_iPad = "UIInterfaceOrientationPortrait UIInterfaceOrientationPortraitUpsideDown UIInterfaceOrientationLandscapeLeft UIInterfaceOrientationLandscapeRight";
				INFOPLIST_KEY_UISupportedInterfaceOrientations_iPhone = "UIInterfaceOrientationPortrait UIInterfaceOrientationLandscapeLeft UIInterfaceOrientationLandscapeRight";
				LD_RUNPATH_SEARCH_PATHS = (
					"$(inherited)",
					"@executable_path/Frameworks",
				);
				MARKETING_VERSION = 1.0;
				PRODUCT_BUNDLE_IDENTIFIER = mauroapps.PostureMaxApp;
				PRODUCT_NAME = "$(TARGET_NAME)";
				SWIFT_EMIT_LOC_STRINGS = YES;
				SWIFT_VERSION = 5.0;
				TARGETED_DEVICE_FAMILY = "1,2";
			};
			name = Release;
		};
		DCAD305A2CFE10CC003F471B /* Debug */ = {
			isa = XCBuildConfiguration;
			buildSettings = {
				BUNDLE_LOADER = "$(TEST_HOST)";
				CODE_SIGN_STYLE = Automatic;
				CURRENT_PROJECT_VERSION = 1;
				GENERATE_INFOPLIST_FILE = YES;
				IPHONEOS_DEPLOYMENT_TARGET = 18.1;
				MARKETING_VERSION = 1.0;
				PRODUCT_BUNDLE_IDENTIFIER = mauroapps.PostureMaxAppTests;
				PRODUCT_NAME = "$(TARGET_NAME)";
				SWIFT_EMIT_LOC_STRINGS = NO;
				SWIFT_VERSION = 5.0;
				TARGETED_DEVICE_FAMILY = "1,2";
				TEST_HOST = "$(BUILT_PRODUCTS_DIR)/PostureMaxApp.app/$(BUNDLE_EXECUTABLE_FOLDER_PATH)/PostureMaxApp";
			};
			name = Debug;
		};
		DCAD305B2CFE10CC003F471B /* Release */ = {
			isa = XCBuildConfiguration;
			buildSettings = {
				BUNDLE_LOADER = "$(TEST_HOST)";
				CODE_SIGN_STYLE = Automatic;
				CURRENT_PROJECT_VERSION = 1;
				GENERATE_INFOPLIST_FILE = YES;
				IPHONEOS_DEPLOYMENT_TARGET = 18.1;
				MARKETING_VERSION = 1.0;
				PRODUCT_BUNDLE_IDENTIFIER = mauroapps.PostureMaxAppTests;
				PRODUCT_NAME = "$(TARGET_NAME)";
				SWIFT_EMIT_LOC_STRINGS = NO;
				SWIFT_VERSION = 5.0;
				TARGETED_DEVICE_FAMILY = "1,2";
				TEST_HOST = "$(BUILT_PRODUCTS_DIR)/PostureMaxApp.app/$(BUNDLE_EXECUTABLE_FOLDER_PATH)/PostureMaxApp";
			};
			name = Release;
		};
		DCAD305D2CFE10CC003F471B /* Debug */ = {
			isa = XCBuildConfiguration;
			buildSettings = {
				CODE_SIGN_STYLE = Automatic;
				CURRENT_PROJECT_VERSION = 1;
				GENERATE_INFOPLIST_FILE = YES;
				MARKETING_VERSION = 1.0;
				PRODUCT_BUNDLE_IDENTIFIER = mauroapps.PostureMaxAppUITests;
				PRODUCT_NAME = "$(TARGET_NAME)";
				SWIFT_EMIT_LOC_STRINGS = NO;
				SWIFT_VERSION = 5.0;
				TARGETED_DEVICE_FAMILY = "1,2";
				TEST_TARGET_NAME = PostureMaxApp;
			};
			name = Debug;
		};
		DCAD305E2CFE10CC003F471B /* Release */ = {
			isa = XCBuildConfiguration;
			buildSettings = {
				CODE_SIGN_STYLE = Automatic;
				CURRENT_PROJECT_VERSION = 1;
				GENERATE_INFOPLIST_FILE = YES;
				MARKETING_VERSION = 1.0;
				PRODUCT_BUNDLE_IDENTIFIER = mauroapps.PostureMaxAppUITests;
				PRODUCT_NAME = "$(TARGET_NAME)";
				SWIFT_EMIT_LOC_STRINGS = NO;
				SWIFT_VERSION = 5.0;
				TARGETED_DEVICE_FAMILY = "1,2";
				TEST_TARGET_NAME = PostureMaxApp;
			};
			name = Release;
		};
/* End XCBuildConfiguration section */

/* Begin XCConfigurationList section */
		DCAD302D2CFE10CA003F471B /* Build configuration list for PBXProject "PostureMaxApp" */ = {
			isa = XCConfigurationList;
			buildConfigurations = (
				DCAD30542CFE10CC003F471B /* Debug */,
				DCAD30552CFE10CC003F471B /* Release */,
			);
			defaultConfigurationIsVisible = 0;
			defaultConfigurationName = Release;
		};
		DCAD30562CFE10CC003F471B /* Build configuration list for PBXNativeTarget "PostureMaxApp" */ = {
			isa = XCConfigurationList;
			buildConfigurations = (
				DCAD30572CFE10CC003F471B /* Debug */,
				DCAD30582CFE10CC003F471B /* Release */,
			);
			defaultConfigurationIsVisible = 0;
			defaultConfigurationName = Release;
		};
		DCAD30592CFE10CC003F471B /* Build configuration list for PBXNativeTarget "PostureMaxAppTests" */ = {
			isa = XCConfigurationList;
			buildConfigurations = (
				DCAD305A2CFE10CC003F471B /* Debug */,
				DCAD305B2CFE10CC003F471B /* Release */,
			);
			defaultConfigurationIsVisible = 0;
			defaultConfigurationName = Release;
		};
		DCAD305C2CFE10CC003F471B /* Build configuration list for PBXNativeTarget "PostureMaxAppUITests" */ = {
			isa = XCConfigurationList;
			buildConfigurations = (
				DCAD305D2CFE10CC003F471B /* Debug */,
				DCAD305E2CFE10CC003F471B /* Release */,
			);
			defaultConfigurationIsVisible = 0;
			defaultConfigurationName = Release;
		};
/* End XCConfigurationList section */
	};
	rootObject = DCAD302A2CFE10CA003F471B /* Project object */;
}
